
Microsoft Visual Studio Solution File, Format Version 12.00
# Visual Studio Version 17
VisualStudioVersion = 17.10.35004.147
MinimumVisualStudioVersion = 10.0.40219.1
Project("{FAE04EC0-301F-11D3-BF4B-00C04F79EFBC}") = "HospitalManagement", "HospitalManagement\HospitalManagement.csproj", "{02BDC460-8D21-42AE-B9F0-33C6EDED98D9}"
EndProject
Global
	GlobalSection(SolutionConfigurationPlatforms) = preSolution
		Debug|Any CPU = Debug|Any CPU
		Release|Any CPU = Release|Any CPU
	EndGlobalSection
	GlobalSection(ProjectConfigurationPlatforms) = postSolution
		{02BDC460-8D21-42AE-B9F0-33C6EDED98D9}.Debug|Any CPU.ActiveCfg = Debug|Any CPU
		{02BDC460-8D21-42AE-B9F0-33C6EDED98D9}.Debug|Any CPU.Build.0 = Debug|Any CPU
		{02BDC460-8D21-42AE-B9F0-33C6EDED98D9}.Release|Any CPU.ActiveCfg = Release|Any CPU
		{02BDC460-8D21-42AE-B9F0-33C6EDED98D9}.Release|Any CPU.Build.0 = Release|Any CPU
	EndGlobalSection
	GlobalSection(SolutionProperties) = preSolution
		HideSolutionNode = FALSE
	EndGlobalSection
	GlobalSection(ExtensibilityGlobals) = postSolution
		SolutionGuid = {36DB0285-5D6D-4D5E-A602-034ABE2A136C}
	EndGlobalSection
EndGlobal
